// !$*UTF8*$!
{
	archiveVersion = 1;
	classes = {
	};
	objectVersion = 77;
	objects = {

/* Begin PBXBuildFile section */
		21356D8C2E9572B6003C84FA /* DoSurfWatch Watch App.app in Embed Watch Content */ = {isa = PBXBuildFile; fileRef = 21356D822E9572B4003C84FA /* DoSurfWatch Watch App.app */; settings = {ATTRIBUTES = (RemoveHeadersOnCopy, ); }; };
		2193B39C2E8CDF8C00682B29 /* Differentiator in Frameworks */ = {isa = PBXBuildFile; productRef = 2193B39B2E8CDF8C00682B29 /* Differentiator */; };
		2193B39E2E8CDF8C00682B29 /* RxDataSources in Frameworks */ = {isa = PBXBuildFile; productRef = 2193B39D2E8CDF8C00682B29 /* RxDataSources */; };
		21E7A4952E843062008EFDDA /* .gitignore in Resources */ = {isa = PBXBuildFile; fileRef = 21E7A4942E843062008EFDDA /* .gitignore */; };
		21E7A4AA2E8435EA008EFDDA /* SnapKit in Frameworks */ = {isa = PBXBuildFile; productRef = 21E7A4A92E8435EA008EFDDA /* SnapKit */; };
		21FE04D32E8503E8004EFEE3 /* FirebaseAnalytics in Frameworks */ = {isa = PBXBuildFile; productRef = 21FE04D22E8503E8004EFEE3 /* FirebaseAnalytics */; };
		21FE04D52E8503E8004EFEE3 /* FirebaseFirestore in Frameworks */ = {isa = PBXBuildFile; productRef = 21FE04D42E8503E8004EFEE3 /* FirebaseFirestore */; };
		21FE052D2E85358E004EFEE3 /* RxCocoa in Frameworks */ = {isa = PBXBuildFile; productRef = 21FE052C2E85358E004EFEE3 /* RxCocoa */; };
		21FE052F2E85358E004EFEE3 /* RxSwift in Frameworks */ = {isa = PBXBuildFile; productRef = 21FE052E2E85358E004EFEE3 /* RxSwift */; };
/* End PBXBuildFile section */

/* Begin PBXContainerItemProxy section */
		21356D8A2E9572B6003C84FA /* PBXContainerItemProxy */ = {
			isa = PBXContainerItemProxy;
			containerPortal = 21E7A4742E842FED008EFDDA /* Project object */;
			proxyType = 1;
			remoteGlobalIDString = 21356D812E9572B4003C84FA;
			remoteInfo = "DoSurfWatch Watch App";
		};
/* End PBXContainerItemProxy section */

/* Begin PBXCopyFilesBuildPhase section */
		21356D902E9572B6003C84FA /* Embed Watch Content */ = {
			isa = PBXCopyFilesBuildPhase;
			buildActionMask = 2147483647;
			dstPath = "$(CONTENTS_FOLDER_PATH)/Watch";
			dstSubfolderSpec = 16;
			files = (
				21356D8C2E9572B6003C84FA /* DoSurfWatch Watch App.app in Embed Watch Content */,
			);
			name = "Embed Watch Content";
			runOnlyForDeploymentPostprocessing = 0;
		};
/* End PBXCopyFilesBuildPhase section */

/* Begin PBXFileReference section */
		21356D822E9572B4003C84FA /* DoSurfWatch Watch App.app */ = {isa = PBXFileReference; explicitFileType = wrapper.application; includeInIndex = 0; path = "DoSurfWatch Watch App.app"; sourceTree = BUILT_PRODUCTS_DIR; };
		21E7A47C2E842FED008EFDDA /* DoSurfApp.app */ = {isa = PBXFileReference; explicitFileType = wrapper.application; includeInIndex = 0; path = DoSurfApp.app; sourceTree = BUILT_PRODUCTS_DIR; };
		21E7A4942E843062008EFDDA /* .gitignore */ = {isa = PBXFileReference; lastKnownFileType = text; path = .gitignore; sourceTree = "<group>"; };
/* End PBXFileReference section */

/* Begin PBXFileSystemSynchronizedBuildFileExceptionSet section */
		21356D9B2E957910003C84FA /* Exceptions for "SharedKit" folder in "DoSurfWatch Watch App" target */ = {
			isa = PBXFileSystemSynchronizedBuildFileExceptionSet;
			membershipExceptions = (
				SurfSessionSummary.swift,
			);
			target = 21356D812E9572B4003C84FA /* DoSurfWatch Watch App */;
		};
		21FE051A2E851725004EFEE3 /* Exceptions for "DoSurfApp" folder in "DoSurfApp" target */ = {
			isa = PBXFileSystemSynchronizedBuildFileExceptionSet;
			membershipExceptions = (
				App/Info.plist,
			);
			target = 21E7A47B2E842FED008EFDDA /* DoSurfApp */;
		};
/* End PBXFileSystemSynchronizedBuildFileExceptionSet section */

/* Begin PBXFileSystemSynchronizedRootGroup section */
		21356D832E9572B4003C84FA /* DoSurfWatch Watch App */ = {
			isa = PBXFileSystemSynchronizedRootGroup;
			path = "DoSurfWatch Watch App";
			sourceTree = "<group>";
		};
		21356D952E9578EF003C84FA /* SharedKit */ = {
			isa = PBXFileSystemSynchronizedRootGroup;
			exceptions = (
				21356D9B2E957910003C84FA /* Exceptions for "SharedKit" folder in "DoSurfWatch Watch App" target */,
			);
			path = SharedKit;
			sourceTree = "<group>";
		};
		21E7A47E2E842FED008EFDDA /* DoSurfApp */ = {
			isa = PBXFileSystemSynchronizedRootGroup;
			exceptions = (
				21FE051A2E851725004EFEE3 /* Exceptions for "DoSurfApp" folder in "DoSurfApp" target */,
			);
			path = DoSurfApp;
			sourceTree = "<group>";
		};
/* End PBXFileSystemSynchronizedRootGroup section */

/* Begin PBXFrameworksBuildPhase section */
		21356D7F2E9572B4003C84FA /* Frameworks */ = {
			isa = PBXFrameworksBuildPhase;
			buildActionMask = 2147483647;
			files = (
			);
			runOnlyForDeploymentPostprocessing = 0;
		};
		21E7A4792E842FED008EFDDA /* Frameworks */ = {
			isa = PBXFrameworksBuildPhase;
			buildActionMask = 2147483647;
			files = (
				2193B39C2E8CDF8C00682B29 /* Differentiator in Frameworks */,
				21FE052F2E85358E004EFEE3 /* RxSwift in Frameworks */,
				21FE04D32E8503E8004EFEE3 /* FirebaseAnalytics in Frameworks */,
				21FE052D2E85358E004EFEE3 /* RxCocoa in Frameworks */,
				2193B39E2E8CDF8C00682B29 /* RxDataSources in Frameworks */,
				21E7A4AA2E8435EA008EFDDA /* SnapKit in Frameworks */,
				21FE04D52E8503E8004EFEE3 /* FirebaseFirestore in Frameworks */,
			);
			runOnlyForDeploymentPostprocessing = 0;
		};
/* End PBXFrameworksBuildPhase section */

/* Begin PBXGroup section */
		21E7A4732E842FED008EFDDA = {
			isa = PBXGroup;
			children = (
				21356D952E9578EF003C84FA /* SharedKit */,
				21E7A4942E843062008EFDDA /* .gitignore */,
				21E7A47E2E842FED008EFDDA /* DoSurfApp */,
				21356D832E9572B4003C84FA /* DoSurfWatch Watch App */,
				21E7A47D2E842FED008EFDDA /* Products */,
			);
			sourceTree = "<group>";
		};
		21E7A47D2E842FED008EFDDA /* Products */ = {
			isa = PBXGroup;
			children = (
				21E7A47C2E842FED008EFDDA /* DoSurfApp.app */,
				21356D822E9572B4003C84FA /* DoSurfWatch Watch App.app */,
			);
			name = Products;
			sourceTree = "<group>";
		};
/* End PBXGroup section */

/* Begin PBXNativeTarget section */
		21356D812E9572B4003C84FA /* DoSurfWatch Watch App */ = {
			isa = PBXNativeTarget;
			buildConfigurationList = 21356D8D2E9572B6003C84FA /* Build configuration list for PBXNativeTarget "DoSurfWatch Watch App" */;
			buildPhases = (
				21356D7E2E9572B4003C84FA /* Sources */,
				21356D7F2E9572B4003C84FA /* Frameworks */,
				21356D802E9572B4003C84FA /* Resources */,
			);
			buildRules = (
			);
			dependencies = (
			);
			fileSystemSynchronizedGroups = (
				21356D832E9572B4003C84FA /* DoSurfWatch Watch App */,
			);
			name = "DoSurfWatch Watch App";
			packageProductDependencies = (
			);
			productName = "DoSurfWatch Watch App";
			productReference = 21356D822E9572B4003C84FA /* DoSurfWatch Watch App.app */;
			productType = "com.apple.product-type.application";
		};
		21E7A47B2E842FED008EFDDA /* DoSurfApp */ = {
			isa = PBXNativeTarget;
			buildConfigurationList = 21E7A48F2E842FEF008EFDDA /* Build configuration list for PBXNativeTarget "DoSurfApp" */;
			buildPhases = (
				21E7A4782E842FED008EFDDA /* Sources */,
				21E7A4792E842FED008EFDDA /* Frameworks */,
				21E7A47A2E842FED008EFDDA /* Resources */,
				21356D902E9572B6003C84FA /* Embed Watch Content */,
			);
			buildRules = (
			);
			dependencies = (
				21356D8B2E9572B6003C84FA /* PBXTargetDependency */,
			);
			fileSystemSynchronizedGroups = (
				21356D952E9578EF003C84FA /* SharedKit */,
				21E7A47E2E842FED008EFDDA /* DoSurfApp */,
			);
			name = DoSurfApp;
			packageProductDependencies = (
				21E7A4A92E8435EA008EFDDA /* SnapKit */,
				21FE04D22E8503E8004EFEE3 /* FirebaseAnalytics */,
				21FE04D42E8503E8004EFEE3 /* FirebaseFirestore */,
				21FE052C2E85358E004EFEE3 /* RxCocoa */,
				21FE052E2E85358E004EFEE3 /* RxSwift */,
				2193B39B2E8CDF8C00682B29 /* Differentiator */,
				2193B39D2E8CDF8C00682B29 /* RxDataSources */,
			);
			productName = DoSurfApp;
			productReference = 21E7A47C2E842FED008EFDDA /* DoSurfApp.app */;
			productType = "com.apple.product-type.application";
		};
/* End PBXNativeTarget section */

/* Begin PBXProject section */
		21E7A4742E842FED008EFDDA /* Project object */ = {
			isa = PBXProject;
			attributes = {
				BuildIndependentTargetsInParallel = 1;
				LastSwiftUpdateCheck = 2600;
				LastUpgradeCheck = 2600;
				TargetAttributes = {
					21356D812E9572B4003C84FA = {
						CreatedOnToolsVersion = 26.0;
					};
					21E7A47B2E842FED008EFDDA = {
						CreatedOnToolsVersion = 26.0;
					};
				};
			};
			buildConfigurationList = 21E7A4772E842FED008EFDDA /* Build configuration list for PBXProject "DoSurfApp" */;
			developmentRegion = en;
			hasScannedForEncodings = 0;
			knownRegions = (
				en,
				Base,
			);
			mainGroup = 21E7A4732E842FED008EFDDA;
			minimizedProjectReferenceProxies = 1;
			packageReferences = (
				21E7A4A82E8435EA008EFDDA /* XCRemoteSwiftPackageReference "SnapKit" */,
				21FE04D12E8503E8004EFEE3 /* XCRemoteSwiftPackageReference "firebase-ios-sdk" */,
				21FE052B2E85358E004EFEE3 /* XCRemoteSwiftPackageReference "RxSwift" */,
				2193B39A2E8CDF8C00682B29 /* XCRemoteSwiftPackageReference "RxDataSources" */,
			);
			preferredProjectObjectVersion = 77;
			productRefGroup = 21E7A47D2E842FED008EFDDA /* Products */;
			projectDirPath = "";
			projectRoot = "";
			targets = (
				21E7A47B2E842FED008EFDDA /* DoSurfApp */,
				21356D812E9572B4003C84FA /* DoSurfWatch Watch App */,
			);
		};
/* End PBXProject section */

/* Begin PBXResourcesBuildPhase section */
		21356D802E9572B4003C84FA /* Resources */ = {
			isa = PBXResourcesBuildPhase;
			buildActionMask = 2147483647;
			files = (
			);
			runOnlyForDeploymentPostprocessing = 0;
		};
		21E7A47A2E842FED008EFDDA /* Resources */ = {
			isa = PBXResourcesBuildPhase;
			buildActionMask = 2147483647;
			files = (
				21E7A4952E843062008EFDDA /* .gitignore in Resources */,
			);
			runOnlyForDeploymentPostprocessing = 0;
		};
/* End PBXResourcesBuildPhase section */

/* Begin PBXSourcesBuildPhase section */
		21356D7E2E9572B4003C84FA /* Sources */ = {
			isa = PBXSourcesBuildPhase;
			buildActionMask = 2147483647;
			files = (
			);
			runOnlyForDeploymentPostprocessing = 0;
		};
		21E7A4782E842FED008EFDDA /* Sources */ = {
			isa = PBXSourcesBuildPhase;
			buildActionMask = 2147483647;
			files = (
			);
			runOnlyForDeploymentPostprocessing = 0;
		};
/* End PBXSourcesBuildPhase section */

/* Begin PBXTargetDependency section */
		21356D8B2E9572B6003C84FA /* PBXTargetDependency */ = {
			isa = PBXTargetDependency;
			target = 21356D812E9572B4003C84FA /* DoSurfWatch Watch App */;
			targetProxy = 21356D8A2E9572B6003C84FA /* PBXContainerItemProxy */;
		};
/* End PBXTargetDependency section */

/* Begin XCBuildConfiguration section */
		21356D8E2E9572B6003C84FA /* Debug */ = {
			isa = XCBuildConfiguration;
			buildSettings = {
				ASSETCATALOG_COMPILER_APPICON_NAME = AppIcon;
				ASSETCATALOG_COMPILER_GLOBAL_ACCENT_COLOR_NAME = AccentColor;
				CODE_SIGN_ENTITLEMENTS = "DoSurfWatch Watch App/DoSurfWatch Watch App.entitlements";
				CODE_SIGN_STYLE = Automatic;
				CURRENT_PROJECT_VERSION = 1;
				DEVELOPMENT_TEAM = 557346W8SC;
				ENABLE_PREVIEWS = YES;
				GENERATE_INFOPLIST_FILE = YES;
				INFOPLIST_FILE = "DoSurfWatch-Watch-App-Info.plist";
				INFOPLIST_KEY_CFBundleDisplayName = DoSurfWatch;
				INFOPLIST_KEY_NSHealthShareUsageDescription = "이 앱은 서핑 세션 거리와 시간을 기록하기 위해 건강 데이터를 읽습니다.";
				INFOPLIST_KEY_NSHealthUpdateUsageDescription = "이 앱은 서핑 운동 기록을 건강 앱에 저장하기 위해 건강 데이터를 씁니다.";
				INFOPLIST_KEY_UISupportedInterfaceOrientations = "UIInterfaceOrientationPortrait UIInterfaceOrientationPortraitUpsideDown";
				INFOPLIST_KEY_WKCompanionAppBundleIdentifier = app.NewT.DoSurf;
				LD_RUNPATH_SEARCH_PATHS = (
					"$(inherited)",
					"@executable_path/Frameworks",
				);
				MARKETING_VERSION = 1.0;
				PRODUCT_BUNDLE_IDENTIFIER = app.NewT.DoSurf.watch;
				PRODUCT_NAME = "$(TARGET_NAME)";
				SDKROOT = watchos;
				SKIP_INSTALL = YES;
				STRING_CATALOG_GENERATE_SYMBOLS = YES;
				SWIFT_APPROACHABLE_CONCURRENCY = YES;
				SWIFT_DEFAULT_ACTOR_ISOLATION = MainActor;
				SWIFT_EMIT_LOC_STRINGS = YES;
				SWIFT_UPCOMING_FEATURE_MEMBER_IMPORT_VISIBILITY = YES;
				SWIFT_VERSION = 5.0;
				TARGETED_DEVICE_FAMILY = 4;
				WATCHOS_DEPLOYMENT_TARGET = 9.6;
			};
			name = Debug;
		};
		21356D8F2E9572B6003C84FA /* Release */ = {
			isa = XCBuildConfiguration;
			buildSettings = {
				ASSETCATALOG_COMPILER_APPICON_NAME = AppIcon;
				ASSETCATALOG_COMPILER_GLOBAL_ACCENT_COLOR_NAME = AccentColor;
				CODE_SIGN_ENTITLEMENTS = "DoSurfWatch Watch App/DoSurfWatch Watch App.entitlements";
				CODE_SIGN_STYLE = Automatic;
				CURRENT_PROJECT_VERSION = 1;
				DEVELOPMENT_TEAM = 557346W8SC;
				ENABLE_PREVIEWS = YES;
				GENERATE_INFOPLIST_FILE = YES;
				INFOPLIST_FILE = "DoSurfWatch-Watch-App-Info.plist";
				INFOPLIST_KEY_CFBundleDisplayName = DoSurfWatch;
				INFOPLIST_KEY_NSHealthShareUsageDescription = "이 앱은 서핑 세션 거리와 시간을 기록하기 위해 건강 데이터를 읽습니다.";
				INFOPLIST_KEY_NSHealthUpdateUsageDescription = "이 앱은 서핑 운동 기록을 건강 앱에 저장하기 위해 건강 데이터를 씁니다.";
				INFOPLIST_KEY_UISupportedInterfaceOrientations = "UIInterfaceOrientationPortrait UIInterfaceOrientationPortraitUpsideDown";
				INFOPLIST_KEY_WKCompanionAppBundleIdentifier = app.NewT.DoSurf;
				LD_RUNPATH_SEARCH_PATHS = (
					"$(inherited)",
					"@executable_path/Frameworks",
				);
				MARKETING_VERSION = 1.0;
				PRODUCT_BUNDLE_IDENTIFIER = app.NewT.DoSurf.watch;
				PRODUCT_NAME = "$(TARGET_NAME)";
				SDKROOT = watchos;
				SKIP_INSTALL = YES;
				STRING_CATALOG_GENERATE_SYMBOLS = YES;
				SWIFT_APPROACHABLE_CONCURRENCY = YES;
				SWIFT_DEFAULT_ACTOR_ISOLATION = MainActor;
				SWIFT_EMIT_LOC_STRINGS = YES;
				SWIFT_UPCOMING_FEATURE_MEMBER_IMPORT_VISIBILITY = YES;
				SWIFT_VERSION = 5.0;
				TARGETED_DEVICE_FAMILY = 4;
				WATCHOS_DEPLOYMENT_TARGET = 9.6;
			};
			name = Release;
		};
		21E7A4902E842FEF008EFDDA /* Debug */ = {
			isa = XCBuildConfiguration;
			buildSettings = {
				ASSETCATALOG_COMPILER_APPICON_NAME = AppIcon;
				ASSETCATALOG_COMPILER_GLOBAL_ACCENT_COLOR_NAME = AccentColor;
				CODE_SIGN_ENTITLEMENTS = DoSurfApp/DoSurfApp.entitlements;
				CODE_SIGN_STYLE = Automatic;
				CURRENT_PROJECT_VERSION = 1;
				DEVELOPMENT_TEAM = 557346W8SC;
				GENERATE_INFOPLIST_FILE = YES;
				INFOPLIST_FILE = "$(SRCROOT)/DoSurfApp/App/Info.plist";
				INFOPLIST_KEY_CFBundleDisplayName = "두섭이";
				INFOPLIST_KEY_ITSAppUsesNonExemptEncryption = NO;
				INFOPLIST_KEY_LSApplicationCategoryType = "public.app-category.sports";
				INFOPLIST_KEY_NSHealthShareUsageDescription = "이 앱은 서핑 세션 거리와 시간을 기록하기 위해 건강 데이터를 읽습니다.";
				INFOPLIST_KEY_NSHealthUpdateUsageDescription = "DoSurf는 서핑 세션 분석을 위해 심박수와 활동 에너지 데이터를 사용합니다. 이 데이터는 기록 요약과 성과 인사이트 제공에 활용됩니다.";
				INFOPLIST_KEY_NSLocationWhenInUseUsageDescription = "서핑 기록을 위한 위치 데이터를 입력받습니다.";
				INFOPLIST_KEY_UIApplicationSupportsIndirectInputEvents = YES;
				INFOPLIST_KEY_UILaunchStoryboardName = LaunchScreen;
				INFOPLIST_KEY_UISupportedInterfaceOrientations = UIInterfaceOrientationPortrait;
				INFOPLIST_KEY_UIUserInterfaceStyle = Light;
				IPHONEOS_DEPLOYMENT_TARGET = 16.0;
				LD_RUNPATH_SEARCH_PATHS = (
					"$(inherited)",
					"@executable_path/Frameworks",
				);
				MARKETING_VERSION = 1.0.2;
				PRODUCT_BUNDLE_IDENTIFIER = app.NewT.DoSurf;
				PRODUCT_NAME = "$(TARGET_NAME)";
				STRING_CATALOG_GENERATE_SYMBOLS = YES;
				SUPPORTED_PLATFORMS = "iphoneos iphonesimulator";
				SUPPORTS_MACCATALYST = NO;
				SUPPORTS_MAC_DESIGNED_FOR_IPHONE_IPAD = NO;
				SUPPORTS_XR_DESIGNED_FOR_IPHONE_IPAD = NO;
				SWIFT_APPROACHABLE_CONCURRENCY = YES;
				SWIFT_DEFAULT_ACTOR_ISOLATION = MainActor;
				SWIFT_EMIT_LOC_STRINGS = YES;
				SWIFT_UPCOMING_FEATURE_MEMBER_IMPORT_VISIBILITY = YES;
				SWIFT_VERSION = 5.0;
				TARGETED_DEVICE_FAMILY = 1;
			};
			name = Debug;
		};
		21E7A4912E842FEF008EFDDA /* Release */ = {
			isa = XCBuildConfiguration;
			buildSettings = {
				ASSETCATALOG_COMPILER_APPICON_NAME = AppIcon;
				ASSETCATALOG_COMPILER_GLOBAL_ACCENT_COLOR_NAME = AccentColor;
				CODE_SIGN_ENTITLEMENTS = DoSurfApp/DoSurfApp.entitlements;
				CODE_SIGN_STYLE = Automatic;
				CURRENT_PROJECT_VERSION = 1;
				DEVELOPMENT_TEAM = 557346W8SC;
				GENERATE_INFOPLIST_FILE = YES;
				INFOPLIST_FILE = "$(SRCROOT)/DoSurfApp/App/Info.plist";
				INFOPLIST_KEY_CFBundleDisplayName = "두섭이";
				INFOPLIST_KEY_ITSAppUsesNonExemptEncryption = NO;
				INFOPLIST_KEY_LSApplicationCategoryType = "public.app-category.sports";
				INFOPLIST_KEY_NSHealthShareUsageDescription = "이 앱은 서핑 세션 거리와 시간을 기록하기 위해 건강 데이터를 읽습니다.";
				INFOPLIST_KEY_NSHealthUpdateUsageDescription = "DoSurf는 서핑 세션 분석을 위해 심박수와 활동 에너지 데이터를 사용합니다. 이 데이터는 기록 요약과 성과 인사이트 제공에 활용됩니다.";
				INFOPLIST_KEY_NSLocationWhenInUseUsageDescription = "서핑 기록을 위한 위치 데이터를 입력받습니다.";
				INFOPLIST_KEY_UIApplicationSupportsIndirectInputEvents = YES;
				INFOPLIST_KEY_UILaunchStoryboardName = LaunchScreen;
				INFOPLIST_KEY_UISupportedInterfaceOrientations = UIInterfaceOrientationPortrait;
				INFOPLIST_KEY_UIUserInterfaceStyle = Light;
				IPHONEOS_DEPLOYMENT_TARGET = 16.0;
				LD_RUNPATH_SEARCH_PATHS = (
					"$(inherited)",
					"@executable_path/Frameworks",
				);
				MARKETING_VERSION = 1.0.2;
				PRODUCT_BUNDLE_IDENTIFIER = app.NewT.DoSurf;
				PRODUCT_NAME = "$(TARGET_NAME)";
				STRING_CATALOG_GENERATE_SYMBOLS = YES;
				SUPPORTED_PLATFORMS = "iphoneos iphonesimulator";
				SUPPORTS_MACCATALYST = NO;
				SUPPORTS_MAC_DESIGNED_FOR_IPHONE_IPAD = NO;
				SUPPORTS_XR_DESIGNED_FOR_IPHONE_IPAD = NO;
				SWIFT_APPROACHABLE_CONCURRENCY = YES;
				SWIFT_DEFAULT_ACTOR_ISOLATION = MainActor;
				SWIFT_EMIT_LOC_STRINGS = YES;
				SWIFT_UPCOMING_FEATURE_MEMBER_IMPORT_VISIBILITY = YES;
				SWIFT_VERSION = 5.0;
				TARGETED_DEVICE_FAMILY = 1;
			};
			name = Release;
		};
		21E7A4922E842FEF008EFDDA /* Debug */ = {
			isa = XCBuildConfiguration;
			buildSettings = {
				ALWAYS_SEARCH_USER_PATHS = NO;
				ASSETCATALOG_COMPILER_GENERATE_SWIFT_ASSET_SYMBOL_EXTENSIONS = YES;
				CLANG_ANALYZER_NONNULL = YES;
				CLANG_ANALYZER_NUMBER_OBJECT_CONVERSION = YES_AGGRESSIVE;
				CLANG_CXX_LANGUAGE_STANDARD = "gnu++20";
				CLANG_ENABLE_MODULES = YES;
				CLANG_ENABLE_OBJC_ARC = YES;
				CLANG_ENABLE_OBJC_WEAK = YES;
				CLANG_WARN_BLOCK_CAPTURE_AUTORELEASING = YES;
				CLANG_WARN_BOOL_CONVERSION = YES;
				CLANG_WARN_COMMA = YES;
				CLANG_WARN_CONSTANT_CONVERSION = YES;
				CLANG_WARN_DEPRECATED_OBJC_IMPLEMENTATIONS = YES;
				CLANG_WARN_DIRECT_OBJC_ISA_USAGE = YES_ERROR;
				CLANG_WARN_DOCUMENTATION_COMMENTS = YES;
				CLANG_WARN_EMPTY_BODY = YES;
				CLANG_WARN_ENUM_CONVERSION = YES;
				CLANG_WARN_INFINITE_RECURSION = YES;
				CLANG_WARN_INT_CONVERSION = YES;
				CLANG_WARN_NON_LITERAL_NULL_CONVERSION = YES;
				CLANG_WARN_OBJC_IMPLICIT_RETAIN_SELF = YES;
				CLANG_WARN_OBJC_LITERAL_CONVERSION = YES;
				CLANG_WARN_OBJC_ROOT_CLASS = YES_ERROR;
				CLANG_WARN_QUOTED_INCLUDE_IN_FRAMEWORK_HEADER = YES;
				CLANG_WARN_RANGE_LOOP_ANALYSIS = YES;
				CLANG_WARN_STRICT_PROTOTYPES = YES;
				CLANG_WARN_SUSPICIOUS_MOVE = YES;
				CLANG_WARN_UNGUARDED_AVAILABILITY = YES_AGGRESSIVE;
				CLANG_WARN_UNREACHABLE_CODE = YES;
				CLANG_WARN__DUPLICATE_METHOD_MATCH = YES;
				COPY_PHASE_STRIP = NO;
				DEBUG_INFORMATION_FORMAT = dwarf;
				ENABLE_STRICT_OBJC_MSGSEND = YES;
				ENABLE_TESTABILITY = YES;
				ENABLE_USER_SCRIPT_SANDBOXING = YES;
				GCC_C_LANGUAGE_STANDARD = gnu17;
				GCC_DYNAMIC_NO_PIC = NO;
				GCC_NO_COMMON_BLOCKS = YES;
				GCC_OPTIMIZATION_LEVEL = 0;
				GCC_PREPROCESSOR_DEFINITIONS = (
					"DEBUG=1",
					"$(inherited)",
				);
				GCC_WARN_64_TO_32_BIT_CONVERSION = YES;
				GCC_WARN_ABOUT_RETURN_TYPE = YES_ERROR;
				GCC_WARN_UNDECLARED_SELECTOR = YES;
				GCC_WARN_UNINITIALIZED_AUTOS = YES_AGGRESSIVE;
				GCC_WARN_UNUSED_FUNCTION = YES;
				GCC_WARN_UNUSED_VARIABLE = YES;
				IPHONEOS_DEPLOYMENT_TARGET = 26.0;
				LOCALIZATION_PREFERS_STRING_CATALOGS = YES;
				MTL_ENABLE_DEBUG_INFO = INCLUDE_SOURCE;
				MTL_FAST_MATH = YES;
				ONLY_ACTIVE_ARCH = YES;
				SDKROOT = iphoneos;
				SWIFT_ACTIVE_COMPILATION_CONDITIONS = "DEBUG $(inherited)";
				SWIFT_OPTIMIZATION_LEVEL = "-Onone";
			};
			name = Debug;
		};
		21E7A4932E842FEF008EFDDA /* Release */ = {
			isa = XCBuildConfiguration;
			buildSettings = {
				ALWAYS_SEARCH_USER_PATHS = NO;
				ASSETCATALOG_COMPILER_GENERATE_SWIFT_ASSET_SYMBOL_EXTENSIONS = YES;
				CLANG_ANALYZER_NONNULL = YES;
				CLANG_ANALYZER_NUMBER_OBJECT_CONVERSION = YES_AGGRESSIVE;
				CLANG_CXX_LANGUAGE_STANDARD = "gnu++20";
				CLANG_ENABLE_MODULES = YES;
				CLANG_ENABLE_OBJC_ARC = YES;
				CLANG_ENABLE_OBJC_WEAK = YES;
				CLANG_WARN_BLOCK_CAPTURE_AUTORELEASING = YES;
				CLANG_WARN_BOOL_CONVERSION = YES;
				CLANG_WARN_COMMA = YES;
				CLANG_WARN_CONSTANT_CONVERSION = YES;
				CLANG_WARN_DEPRECATED_OBJC_IMPLEMENTATIONS = YES;
				CLANG_WARN_DIRECT_OBJC_ISA_USAGE = YES_ERROR;
				CLANG_WARN_DOCUMENTATION_COMMENTS = YES;
				CLANG_WARN_EMPTY_BODY = YES;
				CLANG_WARN_ENUM_CONVERSION = YES;
				CLANG_WARN_INFINITE_RECURSION = YES;
				CLANG_WARN_INT_CONVERSION = YES;
				CLANG_WARN_NON_LITERAL_NULL_CONVERSION = YES;
				CLANG_WARN_OBJC_IMPLICIT_RETAIN_SELF = YES;
				CLANG_WARN_OBJC_LITERAL_CONVERSION = YES;
				CLANG_WARN_OBJC_ROOT_CLASS = YES_ERROR;
				CLANG_WARN_QUOTED_INCLUDE_IN_FRAMEWORK_HEADER = YES;
				CLANG_WARN_RANGE_LOOP_ANALYSIS = YES;
				CLANG_WARN_STRICT_PROTOTYPES = YES;
				CLANG_WARN_SUSPICIOUS_MOVE = YES;
				CLANG_WARN_UNGUARDED_AVAILABILITY = YES_AGGRESSIVE;
				CLANG_WARN_UNREACHABLE_CODE = YES;
				CLANG_WARN__DUPLICATE_METHOD_MATCH = YES;
				COPY_PHASE_STRIP = NO;
				DEBUG_INFORMATION_FORMAT = "dwarf-with-dsym";
				ENABLE_NS_ASSERTIONS = NO;
				ENABLE_STRICT_OBJC_MSGSEND = YES;
				ENABLE_USER_SCRIPT_SANDBOXING = YES;
				GCC_C_LANGUAGE_STANDARD = gnu17;
				GCC_NO_COMMON_BLOCKS = YES;
				GCC_WARN_64_TO_32_BIT_CONVERSION = YES;
				GCC_WARN_ABOUT_RETURN_TYPE = YES_ERROR;
				GCC_WARN_UNDECLARED_SELECTOR = YES;
				GCC_WARN_UNINITIALIZED_AUTOS = YES_AGGRESSIVE;
				GCC_WARN_UNUSED_FUNCTION = YES;
				GCC_WARN_UNUSED_VARIABLE = YES;
				IPHONEOS_DEPLOYMENT_TARGET = 26.0;
				LOCALIZATION_PREFERS_STRING_CATALOGS = YES;
				MTL_ENABLE_DEBUG_INFO = NO;
				MTL_FAST_MATH = YES;
				SDKROOT = iphoneos;
				SWIFT_COMPILATION_MODE = wholemodule;
				VALIDATE_PRODUCT = YES;
			};
			name = Release;
		};
/* End XCBuildConfiguration section */

/* Begin XCConfigurationList section */
		21356D8D2E9572B6003C84FA /* Build configuration list for PBXNativeTarget "DoSurfWatch Watch App" */ = {
			isa = XCConfigurationList;
			buildConfigurations = (
				21356D8E2E9572B6003C84FA /* Debug */,
				21356D8F2E9572B6003C84FA /* Release */,
			);
			defaultConfigurationIsVisible = 0;
			defaultConfigurationName = Release;
		};
		21E7A4772E842FED008EFDDA /* Build configuration list for PBXProject "DoSurfApp" */ = {
			isa = XCConfigurationList;
			buildConfigurations = (
				21E7A4922E842FEF008EFDDA /* Debug */,
				21E7A4932E842FEF008EFDDA /* Release */,
			);
			defaultConfigurationIsVisible = 0;
			defaultConfigurationName = Release;
		};
		21E7A48F2E842FEF008EFDDA /* Build configuration list for PBXNativeTarget "DoSurfApp" */ = {
			isa = XCConfigurationList;
			buildConfigurations = (
				21E7A4902E842FEF008EFDDA /* Debug */,
				21E7A4912E842FEF008EFDDA /* Release */,
			);
			defaultConfigurationIsVisible = 0;
			defaultConfigurationName = Release;
		};
/* End XCConfigurationList section */

/* Begin XCRemoteSwiftPackageReference section */
		2193B39A2E8CDF8C00682B29 /* XCRemoteSwiftPackageReference "RxDataSources" */ = {
			isa = XCRemoteSwiftPackageReference;
			repositoryURL = "https://github.com/RxSwiftCommunity/RxDataSources.git";
			requirement = {
				kind = upToNextMajorVersion;
				minimumVersion = 5.0.2;
			};
		};
		21E7A4A82E8435EA008EFDDA /* XCRemoteSwiftPackageReference "SnapKit" */ = {
			isa = XCRemoteSwiftPackageReference;
			repositoryURL = "https://github.com/SnapKit/SnapKit.git";
			requirement = {
				kind = upToNextMajorVersion;
				minimumVersion = 5.7.1;
			};
		};
		21FE04D12E8503E8004EFEE3 /* XCRemoteSwiftPackageReference "firebase-ios-sdk" */ = {
			isa = XCRemoteSwiftPackageReference;
			repositoryURL = "https://github.com/firebase/firebase-ios-sdk";
			requirement = {
				kind = upToNextMajorVersion;
				minimumVersion = 12.3.0;
			};
		};
		21FE052B2E85358E004EFEE3 /* XCRemoteSwiftPackageReference "RxSwift" */ = {
			isa = XCRemoteSwiftPackageReference;
			repositoryURL = "https://github.com/ReactiveX/RxSwift.git";
			requirement = {
				kind = upToNextMajorVersion;
				minimumVersion = 6.9.0;
			};
		};
/* End XCRemoteSwiftPackageReference section */

/* Begin XCSwiftPackageProductDependency section */
		2193B39B2E8CDF8C00682B29 /* Differentiator */ = {
			isa = XCSwiftPackageProductDependency;
			package = 2193B39A2E8CDF8C00682B29 /* XCRemoteSwiftPackageReference "RxDataSources" */;
			productName = Differentiator;
		};
		2193B39D2E8CDF8C00682B29 /* RxDataSources */ = {
			isa = XCSwiftPackageProductDependency;
			package = 2193B39A2E8CDF8C00682B29 /* XCRemoteSwiftPackageReference "RxDataSources" */;
			productName = RxDataSources;
		};
		21E7A4A92E8435EA008EFDDA /* SnapKit */ = {
			isa = XCSwiftPackageProductDependency;
			package = 21E7A4A82E8435EA008EFDDA /* XCRemoteSwiftPackageReference "SnapKit" */;
			productName = SnapKit;
		};
		21FE04D22E8503E8004EFEE3 /* FirebaseAnalytics */ = {
			isa = XCSwiftPackageProductDependency;
			package = 21FE04D12E8503E8004EFEE3 /* XCRemoteSwiftPackageReference "firebase-ios-sdk" */;
			productName = FirebaseAnalytics;
		};
		21FE04D42E8503E8004EFEE3 /* FirebaseFirestore */ = {
			isa = XCSwiftPackageProductDependency;
			package = 21FE04D12E8503E8004EFEE3 /* XCRemoteSwiftPackageReference "firebase-ios-sdk" */;
			productName = FirebaseFirestore;
		};
		21FE052C2E85358E004EFEE3 /* RxCocoa */ = {
			isa = XCSwiftPackageProductDependency;
			package = 21FE052B2E85358E004EFEE3 /* XCRemoteSwiftPackageReference "RxSwift" */;
			productName = RxCocoa;
		};
		21FE052E2E85358E004EFEE3 /* RxSwift */ = {
			isa = XCSwiftPackageProductDependency;
			package = 21FE052B2E85358E004EFEE3 /* XCRemoteSwiftPackageReference "RxSwift" */;
			productName = RxSwift;
		};
/* End XCSwiftPackageProductDependency section */
	};
	rootObject = 21E7A4742E842FED008EFDDA /* Project object */;
}
